// !$*UTF8*$!
{
	archiveVersion = 1;
	classes = {
	};
	objectVersion = 46;
	objects = {

/* Begin PBXBuildFile section */
		996C7E7717A894CE00797258 /* UIKit.framework in Frameworks */ = {isa = PBXBuildFile; fileRef = 996C7E7617A894CE00797258 /* UIKit.framework */; };
		996C7E7917A894CE00797258 /* Foundation.framework in Frameworks */ = {isa = PBXBuildFile; fileRef = 996C7E7817A894CE00797258 /* Foundation.framework */; };
		996C7E7B17A894CE00797258 /* CoreGraphics.framework in Frameworks */ = {isa = PBXBuildFile; fileRef = 996C7E7A17A894CE00797258 /* CoreGraphics.framework */; };
		996C7E8117A894CE00797258 /* InfoPlist.strings in Resources */ = {isa = PBXBuildFile; fileRef = 996C7E7F17A894CE00797258 /* InfoPlist.strings */; };
		996C7E8317A894CE00797258 /* main.m in Sources */ = {isa = PBXBuildFile; fileRef = 996C7E8217A894CE00797258 /* main.m */; };
		996C7E8717A894CE00797258 /* AppDelegate.m in Sources */ = {isa = PBXBuildFile; fileRef = 996C7E8617A894CE00797258 /* AppDelegate.m */; };
		996C7E8917A894CE00797258 /* Default.png in Resources */ = {isa = PBXBuildFile; fileRef = 996C7E8817A894CE00797258 /* Default.png */; };
		996C7E8B17A894CE00797258 /* Default@2x.png in Resources */ = {isa = PBXBuildFile; fileRef = 996C7E8A17A894CE00797258 /* Default@2x.png */; };
		996C7E8D17A894CE00797258 /* Default-568h@2x.png in Resources */ = {isa = PBXBuildFile; fileRef = 996C7E8C17A894CE00797258 /* Default-568h@2x.png */; };
		996C7E9017A894CF00797258 /* MainStoryboard.storyboard in Resources */ = {isa = PBXBuildFile; fileRef = 996C7E8E17A894CF00797258 /* MainStoryboard.storyboard */; };
		996C7E9317A894CF00797258 /* ViewController.m in Sources */ = {isa = PBXBuildFile; fileRef = 996C7E9217A894CF00797258 /* ViewController.m */; };
		996C7E9A17A8951B00797258 /* bdsql.db in Resources */ = {isa = PBXBuildFile; fileRef = 996C7E9917A8951B00797258 /* bdsql.db */; };
		996C7E9C17A8952E00797258 /* libsqlite3.dylib in Frameworks */ = {isa = PBXBuildFile; fileRef = 996C7E9B17A8952E00797258 /* libsqlite3.dylib */; };
		996C7E9F17A8966F00797258 /* IOSDB.m in Sources */ = {isa = PBXBuildFile; fileRef = 996C7E9E17A8966F00797258 /* IOSDB.m */; };
/* End PBXBuildFile section */

/* Begin PBXFileReference section */
		996C7E7317A894CE00797258 /* SQLLite.app */ = {isa = PBXFileReference; explicitFileType = wrapper.application; includeInIndex = 0; path = SQLLite.app; sourceTree = BUILT_PRODUCTS_DIR; };
		996C7E7617A894CE00797258 /* UIKit.framework */ = {isa = PBXFileReference; lastKnownFileType = wrapper.framework; name = UIKit.framework; path = System/Library/Frameworks/UIKit.framework; sourceTree = SDKROOT; };
		996C7E7817A894CE00797258 /* Foundation.framework */ = {isa = PBXFileReference; lastKnownFileType = wrapper.framework; name = Foundation.framework; path = System/Library/Frameworks/Foundation.framework; sourceTree = SDKROOT; };
		996C7E7A17A894CE00797258 /* CoreGraphics.framework */ = {isa = PBXFileReference; lastKnownFileType = wrapper.framework; name = CoreGraphics.framework; path = System/Library/Frameworks/CoreGraphics.framework; sourceTree = SDKROOT; };
		996C7E7E17A894CE00797258 /* SQLLite-Info.plist */ = {isa = PBXFileReference; lastKnownFileType = text.plist.xml; path = "SQLLite-Info.plist"; sourceTree = "<group>"; };
		996C7E8017A894CE00797258 /* en */ = {isa = PBXFileReference; lastKnownFileType = text.plist.strings; name = en; path = en.lproj/InfoPlist.strings; sourceTree = "<group>"; };
		996C7E8217A894CE00797258 /* main.m */ = {isa = PBXFileReference; lastKnownFileType = sourcecode.c.objc; path = main.m; sourceTree = "<group>"; };
		996C7E8417A894CE00797258 /* SQLLite-Prefix.pch */ = {isa = PBXFileReference; lastKnownFileType = sourcecode.c.h; path = "SQLLite-Prefix.pch"; sourceTree = "<group>"; };
		996C7E8517A894CE00797258 /* AppDelegate.h */ = {isa = PBXFileReference; lastKnownFileType = sourcecode.c.h; path = AppDelegate.h; sourceTree = "<group>"; };
		996C7E8617A894CE00797258 /* AppDelegate.m */ = {isa = PBXFileReference; lastKnownFileType = sourcecode.c.objc; path = AppDelegate.m; sourceTree = "<group>"; };
		996C7E8817A894CE00797258 /* Default.png */ = {isa = PBXFileReference; lastKnownFileType = image.png; path = Default.png; sourceTree = "<group>"; };
		996C7E8A17A894CE00797258 /* Default@2x.png */ = {isa = PBXFileReference; lastKnownFileType = image.png; path = "Default@2x.png"; sourceTree = "<group>"; };
		996C7E8C17A894CE00797258 /* Default-568h@2x.png */ = {isa = PBXFileReference; lastKnownFileType = image.png; path = "Default-568h@2x.png"; sourceTree = "<group>"; };
		996C7E8F17A894CF00797258 /* en */ = {isa = PBXFileReference; lastKnownFileType = file.storyboard; name = en; path = en.lproj/MainStoryboard.storyboard; sourceTree = "<group>"; };
		996C7E9117A894CF00797258 /* ViewController.h */ = {isa = PBXFileReference; lastKnownFileType = sourcecode.c.h; path = ViewController.h; sourceTree = "<group>"; };
		996C7E9217A894CF00797258 /* ViewController.m */ = {isa = PBXFileReference; lastKnownFileType = sourcecode.c.objc; path = ViewController.m; sourceTree = "<group>"; };
		996C7E9917A8951B00797258 /* bdsql.db */ = {isa = PBXFileReference; lastKnownFileType = file; path = bdsql.db; sourceTree = "<group>"; };
		996C7E9B17A8952E00797258 /* libsqlite3.dylib */ = {isa = PBXFileReference; lastKnownFileType = "compiled.mach-o.dylib"; name = libsqlite3.dylib; path = usr/lib/libsqlite3.dylib; sourceTree = SDKROOT; };
		996C7E9D17A8966F00797258 /* IOSDB.h */ = {isa = PBXFileReference; fileEncoding = 4; lastKnownFileType = sourcecode.c.h; path = IOSDB.h; sourceTree = "<group>"; };
		996C7E9E17A8966F00797258 /* IOSDB.m */ = {isa = PBXFileReference; fileEncoding = 4; lastKnownFileType = sourcecode.c.objc; path = IOSDB.m; sourceTree = "<group>"; };
/* End PBXFileReference section */

/* Begin PBXFrameworksBuildPhase section */
		996C7E7017A894CE00797258 /* Frameworks */ = {
			isa = PBXFrameworksBuildPhase;
			buildActionMask = 2147483647;
			files = (
				996C7E9C17A8952E00797258 /* libsqlite3.dylib in Frameworks */,
				996C7E7717A894CE00797258 /* UIKit.framework in Frameworks */,
				996C7E7917A894CE00797258 /* Foundation.framework in Frameworks */,
				996C7E7B17A894CE00797258 /* CoreGraphics.framework in Frameworks */,
			);
			runOnlyForDeploymentPostprocessing = 0;
		};
/* End PBXFrameworksBuildPhase section */

/* Begin PBXGroup section */
		996C7E6A17A894CE00797258 = {
			isa = PBXGroup;
			children = (
				996C7E9B17A8952E00797258 /* libsqlite3.dylib */,
				996C7E9917A8951B00797258 /* bdsql.db */,
				996C7E7C17A894CE00797258 /* SQLLite */,
				996C7E7517A894CE00797258 /* Frameworks */,
				996C7E7417A894CE00797258 /* Products */,
			);
			sourceTree = "<group>";
		};
		996C7E7417A894CE00797258 /* Products */ = {
			isa = PBXGroup;
			children = (
				996C7E7317A894CE00797258 /* SQLLite.app */,
			);
			name = Products;
			sourceTree = "<group>";
		};
		996C7E7517A894CE00797258 /* Frameworks */ = {
			isa = PBXGroup;
			children = (
				996C7E7617A894CE00797258 /* UIKit.framework */,
				996C7E7817A894CE00797258 /* Foundation.framework */,
				996C7E7A17A894CE00797258 /* CoreGraphics.framework */,
			);
			name = Frameworks;
			sourceTree = "<group>";
		};
		996C7E7C17A894CE00797258 /* SQLLite */ = {
			isa = PBXGroup;
			children = (
				996C7E8517A894CE00797258 /* AppDelegate.h */,
				996C7E8617A894CE00797258 /* AppDelegate.m */,
				996C7E8E17A894CF00797258 /* MainStoryboard.storyboard */,
				996C7E9D17A8966F00797258 /* IOSDB.h */,
				996C7E9E17A8966F00797258 /* IOSDB.m */,
				996C7E9117A894CF00797258 /* ViewController.h */,
				996C7E9217A894CF00797258 /* ViewController.m */,
				996C7E7D17A894CE00797258 /* Supporting Files */,
			);
			path = SQLLite;
			sourceTree = "<group>";
		};
		996C7E7D17A894CE00797258 /* Supporting Files */ = {
			isa = PBXGroup;
			children = (
				996C7E7E17A894CE00797258 /* SQLLite-Info.plist */,
				996C7E7F17A894CE00797258 /* InfoPlist.strings */,
				996C7E8217A894CE00797258 /* main.m */,
				996C7E8417A894CE00797258 /* SQLLite-Prefix.pch */,
				996C7E8817A894CE00797258 /* Default.png */,
				996C7E8A17A894CE00797258 /* Default@2x.png */,
				996C7E8C17A894CE00797258 /* Default-568h@2x.png */,
			);
			name = "Supporting Files";
			sourceTree = "<group>";
		};
/* End PBXGroup section */

/* Begin PBXNativeTarget section */
		996C7E7217A894CE00797258 /* SQLLite */ = {
			isa = PBXNativeTarget;
			buildConfigurationList = 996C7E9617A894CF00797258 /* Build configuration list for PBXNativeTarget "SQLLite" */;
			buildPhases = (
				996C7E6F17A894CE00797258 /* Sources */,
				996C7E7017A894CE00797258 /* Frameworks */,
				996C7E7117A894CE00797258 /* Resources */,
			);
			buildRules = (
			);
			dependencies = (
			);
			name = SQLLite;
			productName = SQLLite;
			productReference = 996C7E7317A894CE00797258 /* SQLLite.app */;
			productType = "com.apple.product-type.application";
		};
/* End PBXNativeTarget section */

/* Begin PBXProject section */
		996C7E6B17A894CE00797258 /* Project object */ = {
			isa = PBXProject;
			attributes = {
				LastUpgradeCheck = 0460;
				ORGANIZATIONNAME = Cymetria;
			};
			buildConfigurationList = 996C7E6E17A894CE00797258 /* Build configuration list for PBXProject "SQLLite" */;
			compatibilityVersion = "Xcode 3.2";
			developmentRegion = English;
			hasScannedForEncodings = 0;
			knownRegions = (
				en,
			);
			mainGroup = 996C7E6A17A894CE00797258;
			productRefGroup = 996C7E7417A894CE00797258 /* Products */;
			projectDirPath = "";
			projectRoot = "";
			targets = (
				996C7E7217A894CE00797258 /* SQLLite */,
			);
		};
/* End PBXProject section */

/* Begin PBXResourcesBuildPhase section */
		996C7E7117A894CE00797258 /* Resources */ = {
			isa = PBXResourcesBuildPhase;
			buildActionMask = 2147483647;
			files = (
				996C7E8117A894CE00797258 /* InfoPlist.strings in Resources */,
				996C7E8917A894CE00797258 /* Default.png in Resources */,
				996C7E8B17A894CE00797258 /* Default@2x.png in Resources */,
				996C7E8D17A894CE00797258 /* Default-568h@2x.png in Resources */,
				996C7E9017A894CF00797258 /* MainStoryboard.storyboard in Resources */,
				996C7E9A17A8951B00797258 /* bdsql.db in Resources */,
			);
			runOnlyForDeploymentPostprocessing = 0;
		};
/* End PBXResourcesBuildPhase section */

/* Begin PBXSourcesBuildPhase section */
		996C7E6F17A894CE00797258 /* Sources */ = {
			isa = PBXSourcesBuildPhase;
			buildActionMask = 2147483647;
			files = (
				996C7E8317A894CE00797258 /* main.m in Sources */,
				996C7E8717A894CE00797258 /* AppDelegate.m in Sources */,
				996C7E9317A894CF00797258 /* ViewController.m in Sources */,
				996C7E9F17A8966F00797258 /* IOSDB.m in Sources */,
			);
			runOnlyForDeploymentPostprocessing = 0;
		};
/* End PBXSourcesBuildPhase section */

/* Begin PBXVariantGroup section */
		996C7E7F17A894CE00797258 /* InfoPlist.strings */ = {
			isa = PBXVariantGroup;
			children = (
				996C7E8017A894CE00797258 /* en */,
			);
			name = InfoPlist.strings;
			sourceTree = "<group>";
		};
		996C7E8E17A894CF00797258 /* MainStoryboard.storyboard */ = {
			isa = PBXVariantGroup;
			children = (
				996C7E8F17A894CF00797258 /* en */,
			);
			name = MainStoryboard.storyboard;
			sourceTree = "<group>";
		};
/* End PBXVariantGroup section */

/* Begin XCBuildConfiguration section */
		996C7E9417A894CF00797258 /* Debug */ = {
			isa = XCBuildConfiguration;
			buildSettings = {
				ALWAYS_SEARCH_USER_PATHS = NO;
				CLANG_CXX_LANGUAGE_STANDARD = "gnu++0x";
				CLANG_CXX_LIBRARY = "libc++";
				CLANG_ENABLE_OBJC_ARC = YES;
				CLANG_WARN_CONSTANT_CONVERSION = YES;
				CLANG_WARN_EMPTY_BODY = YES;
				CLANG_WARN_ENUM_CONVERSION = YES;
				CLANG_WARN_INT_CONVERSION = YES;
				CLANG_WARN__DUPLICATE_METHOD_MATCH = YES;
				"CODE_SIGN_IDENTITY[sdk=iphoneos*]" = "iPhone Developer";
				COPY_PHASE_STRIP = NO;
				GCC_C_LANGUAGE_STANDARD = gnu99;
				GCC_DYNAMIC_NO_PIC = NO;
				GCC_OPTIMIZATION_LEVEL = 0;
				GCC_PREPROCESSOR_DEFINITIONS = (
					"DEBUG=1",
					"$(inherited)",
				);
				GCC_SYMBOLS_PRIVATE_EXTERN = NO;
				GCC_WARN_ABOUT_RETURN_TYPE = YES;
				GCC_WARN_UNINITIALIZED_AUTOS = YES;
				GCC_WARN_UNUSED_VARIABLE = YES;
				IPHONEOS_DEPLOYMENT_TARGET = 6.1;
				ONLY_ACTIVE_ARCH = YES;
				SDKROOT = iphoneos;
			};
			name = Debug;
		};
		996C7E9517A894CF00797258 /* Release */ = {
			isa = XCBuildConfiguration;
			buildSettings = {
				ALWAYS_SEARCH_USER_PATHS = NO;
				CLANG_CXX_LANGUAGE_STANDARD = "gnu++0x";
				CLANG_CXX_LIBRARY = "libc++";
				CLANG_ENABLE_OBJC_ARC = YES;
				CLANG_WARN_CONSTANT_CONVERSION = YES;
				CLANG_WARN_EMPTY_BODY = YES;
				CLANG_WARN_ENUM_CONVERSION = YES;
				CLANG_WARN_INT_CONVERSION = YES;
				CLANG_WARN__DUPLICATE_METHOD_MATCH = YES;
				"CODE_SIGN_IDENTITY[sdk=iphoneos*]" = "iPhone Developer";
				COPY_PHASE_STRIP = YES;
				GCC_C_LANGUAGE_STANDARD = gnu99;
				GCC_WARN_ABOUT_RETURN_TYPE = YES;
				GCC_WARN_UNINITIALIZED_AUTOS = YES;
				GCC_WARN_UNUSED_VARIABLE = YES;
				IPHONEOS_DEPLOYMENT_TARGET = 6.1;
				OTHER_CFLAGS = "-DNS_BLOCK_ASSERTIONS=1";
				SDKROOT = iphoneos;
				VALIDATE_PRODUCT = YES;
			};
			name = Release;
		};
		996C7E9717A894CF00797258 /* Debug */ = {
			isa = XCBuildConfiguration;
			buildSettings = {
				GCC_PRECOMPILE_PREFIX_HEADER = YES;
				GCC_PREFIX_HEADER = "SQLLite/SQLLite-Prefix.pch";
				INFOPLIST_FILE = "SQLLite/SQLLite-Info.plist";
				PRODUCT_NAME = "$(TARGET_NAME)";
				WRAPPER_EXTENSION = app;
			};
			name = Debug;
		};
		996C7E9817A894CF00797258 /* Release */ = {
			isa = XCBuildConfiguration;
			buildSettings = {
				GCC_PRECOMPILE_PREFIX_HEADER = YES;
				GCC_PREFIX_HEADER = "SQLLite/SQLLite-Prefix.pch";
				INFOPLIST_FILE = "SQLLite/SQLLite-Info.plist";
				PRODUCT_NAME = "$(TARGET_NAME)";
				WRAPPER_EXTENSION = app;
			};
			name = Release;
		};
/* End XCBuildConfiguration section */

/* Begin XCConfigurationList section */
		996C7E6E17A894CE00797258 /* Build configuration list for PBXProject "SQLLite" */ = {
			isa = XCConfigurationList;
			buildConfigurations = (
				996C7E9417A894CF00797258 /* Debug */,
				996C7E9517A894CF00797258 /* Release */,
			);
			defaultConfigurationIsVisible = 0;
			defaultConfigurationName = Release;
		};
		996C7E9617A894CF00797258 /* Build configuration list for PBXNativeTarget "SQLLite" */ = {
			isa = XCConfigurationList;
			buildConfigurations = (
				996C7E9717A894CF00797258 /* Debug */,
				996C7E9817A894CF00797258 /* Release */,
			);
			defaultConfigurationIsVisible = 0;
		};
/* End XCConfigurationList section */
	};
	rootObject = 996C7E6B17A894CE00797258 /* Project object */;
}
